
Microsoft Visual Studio Solution File, Format Version 12.00
# Visual Studio Version 16
VisualStudioVersion = 16.0.29911.84
MinimumVisualStudioVersion = 10.0.40219.1
Project("{FAE04EC0-301F-11D3-BF4B-00C04F79EFBC}") = "ConsumeWhoisAPIv2", "ConsumeWhoisAPIv2\ConsumeWhoisAPIv2.csproj", "{B08189CB-CB35-4D81-91F1-5837FBA3AF05}"
EndProject
Global
	GlobalSection(SolutionConfigurationPlatforms) = preSolution
		Debug|Any CPU = Debug|Any CPU
		Release|Any CPU = Release|Any CPU
	EndGlobalSection
	GlobalSection(ProjectConfigurationPlatforms) = postSolution
		{B08189CB-CB35-4D81-91F1-5837FBA3AF05}.Debug|Any CPU.ActiveCfg = Debug|Any CPU
		{B08189CB-CB35-4D81-91F1-5837FBA3AF05}.Debug|Any CPU.Build.0 = Debug|Any CPU
		{B08189CB-CB35-4D81-91F1-5837FBA3AF05}.Release|Any CPU.ActiveCfg = Release|Any CPU
		{B08189CB-CB35-4D81-91F1-5837FBA3AF05}.Release|Any CPU.Build.0 = Release|Any CPU
	EndGlobalSection
	GlobalSection(SolutionProperties) = preSolution
		HideSolutionNode = FALSE
	EndGlobalSection
	GlobalSection(ExtensibilityGlobals) = postSolution
		SolutionGuid = {76B66E7B-DEA9-4070-A4E1-23D74BB6AB1C}
	EndGlobalSection
EndGlobal
